
Microsoft Visual Studio Solution File, Format Version 12.00
# Visual Studio Version 16
VisualStudioVersion = 16.0.32002.261
MinimumVisualStudioVersion = 10.0.40219.1
Project("{FAE04EC0-301F-11D3-BF4B-00C04F79EFBC}") = "APIBACKEND", "APIBACKEND.csproj", "{01C78F35-6052-43C2-A791-F278E09302C7}"
EndProject
Global
	GlobalSection(SolutionConfigurationPlatforms) = preSolution
		Debug|Any CPU = Debug|Any CPU
		Release|Any CPU = Release|Any CPU
	EndGlobalSection
	GlobalSection(ProjectConfigurationPlatforms) = postSolution
		{01C78F35-6052-43C2-A791-F278E09302C7}.Debug|Any CPU.ActiveCfg = Debug|Any CPU
		{01C78F35-6052-43C2-A791-F278E09302C7}.Debug|Any CPU.Build.0 = Debug|Any CPU
		{01C78F35-6052-43C2-A791-F278E09302C7}.Release|Any CPU.ActiveCfg = Release|Any CPU
		{01C78F35-6052-43C2-A791-F278E09302C7}.Release|Any CPU.Build.0 = Release|Any CPU
	EndGlobalSection
	GlobalSection(SolutionProperties) = preSolution
		HideSolutionNode = FALSE
	EndGlobalSection
	GlobalSection(ExtensibilityGlobals) = postSolution
		SolutionGuid = {676B782C-C5F1-40AC-AF2E-24D897AE1B55}
	EndGlobalSection
EndGlobal
